lockfileVersion: '6.0'

settings:
  autoInstallPeers: true
  excludeLinksFromLockfile: false

dependencies:
  '@bufbuild/protobuf':
    specifier: ^2.2.0
    version: 2.2.3
  '@connectrpc/connect':
    specifier: 2.0.0
    version: 2.0.0(@bufbuild/protobuf@2.2.3)

devDependencies:
  typescript:
    specifier: ^5.7.2
    version: 5.7.2

packages:

  /@bufbuild/protobuf@2.2.3:
    resolution: {integrity: sha512-tFQoXHJdkEOSwj5tRIZSPNUuXK3RaR7T1nUrPgbYX1pUbvqqaaZAsfo+NXBPsz5rZMSKVFrgK1WL8Q/MSLvprg==}
    dev: false

  /@connectrpc/connect@2.0.0(@bufbuild/protobuf@2.2.3):
    resolution: {integrity: sha512-Usm8jgaaULANJU8vVnhWssSA6nrZ4DJEAbkNtXSoZay2YD5fDyMukCxu8NEhCvFzfHvrhxhcjttvgpyhOM7xAQ==}
    peerDependencies:
      '@bufbuild/protobuf': ^2.2.0
    dependencies:
      '@bufbuild/protobuf': 2.2.3
    dev: false

  /typescript@5.7.2:
    resolution: {integrity: sha512-i5t66RHxDvVN40HfDd1PsEThGNnlMCMT3jMUuoh9/0TaqWevNontacunWyN02LA9/fIbEWlcHZcgTKb9QoaLfg==}
    engines: {node: '>=14.17'}
    hasBin: true
    dev: true
